github.com/rs/xid v1.3.0 h1:6NjYksEUlhurdVehpc7S7dk6DAmcKv8V9gG0FsVN2U4=
github.com/rs/xid v1.3.0/go.mod h1:trrq9SKmegXys3aeAKXMUTdJsYXVwGY3RLcfgqegfbg=
github.com/thcomp/GoLang_Utility v1.22.0 h1:beNsSfcS71wIXoYRMUXnuZz+BT+zAb+w6OK6cigzu5Y=
github.com/thcomp/GoLang_Utility v1.22.0/go.mod h1:paaku44As4b/XwsjqwReXieybMZ3VONHERqwEytHZGc=
